// !$*UTF8*$!
{
	archiveVersion = 1;
	classes = {
	};
	objectVersion = 56;
	objects = {

/* Begin PBXBuildFile section */
		522567702D09C5A300DCFE69 /* ISSWatchApp.swift in Sources */ = {isa = PBXBuildFile; fileRef = 5225676F2D09C5A300DCFE69 /* ISSWatchApp.swift */; };
		522567722D09C5A300DCFE69 /* ContentView.swift in Sources */ = {isa = PBXBuildFile; fileRef = 522567712D09C5A300DCFE69 /* ContentView.swift */; };
		522567742D09C5A500DCFE69 /* Assets.xcassets in Resources */ = {isa = PBXBuildFile; fileRef = 522567732D09C5A500DCFE69 /* Assets.xcassets */; };
		522567772D09C5A500DCFE69 /* Preview Assets.xcassets in Resources */ = {isa = PBXBuildFile; fileRef = 522567762D09C5A500DCFE69 /* Preview Assets.xcassets */; };
		522567792D09C5A500DCFE69 /* Persistence.swift in Sources */ = {isa = PBXBuildFile; fileRef = 522567782D09C5A500DCFE69 /* Persistence.swift */; };
		5225677C2D09C5A500DCFE69 /* ISSWatch.xcdatamodeld in Sources */ = {isa = PBXBuildFile; fileRef = 5225677A2D09C5A500DCFE69 /* ISSWatch.xcdatamodeld */; };
		522567902D09C5A500DCFE69 /* ISSWatchUITests.swift in Sources */ = {isa = PBXBuildFile; fileRef = 5225678F2D09C5A500DCFE69 /* ISSWatchUITests.swift */; };
		522567922D09C5A500DCFE69 /* ISSWatchUITestsLaunchTests.swift in Sources */ = {isa = PBXBuildFile; fileRef = 522567912D09C5A500DCFE69 /* ISSWatchUITestsLaunchTests.swift */; };
		522567A02D09C69500DCFE69 /* ISSMapView.swift in Sources */ = {isa = PBXBuildFile; fileRef = 5225679F2D09C69500DCFE69 /* ISSMapView.swift */; };
		52344A602D118D5C000B9A18 /* PositionProvider.swift in Sources */ = {isa = PBXBuildFile; fileRef = 52344A5F2D118D5C000B9A18 /* PositionProvider.swift */; };
		52344A622D119003000B9A18 /* MockPositionProvider.swift in Sources */ = {isa = PBXBuildFile; fileRef = 52344A612D119003000B9A18 /* MockPositionProvider.swift */; };
		52344A632D119031000B9A18 /* PositionProvider.swift in Sources */ = {isa = PBXBuildFile; fileRef = 52344A5F2D118D5C000B9A18 /* PositionProvider.swift */; };
		52344A652D119056000B9A18 /* ISSPositionProvider.swift in Sources */ = {isa = PBXBuildFile; fileRef = 52344A642D119056000B9A18 /* ISSPositionProvider.swift */; };
		52344A662D1190AC000B9A18 /* Position.swift in Sources */ = {isa = PBXBuildFile; fileRef = 5273C2E92D0A3D3E0001AE99 /* Position.swift */; };
		52344A672D119185000B9A18 /* ISSMapViewModel.swift in Sources */ = {isa = PBXBuildFile; fileRef = 5273C2E52D0A27510001AE99 /* ISSMapViewModel.swift */; };
		52344A692D1191BF000B9A18 /* ISSMapViewModelTests.swift in Sources */ = {isa = PBXBuildFile; fileRef = 52344A682D1191BF000B9A18 /* ISSMapViewModelTests.swift */; };
		52344A6B2D11C0E9000B9A18 /* ISSAnnotation.swift in Sources */ = {isa = PBXBuildFile; fileRef = 52344A6A2D11C0E9000B9A18 /* ISSAnnotation.swift */; };
		52344A6D2D11C11B000B9A18 /* ISSAnnotationView.swift in Sources */ = {isa = PBXBuildFile; fileRef = 52344A6C2D11C11B000B9A18 /* ISSAnnotationView.swift */; };
		52344A6F2D11C1AE000B9A18 /* AssetsInfo.swift in Sources */ = {isa = PBXBuildFile; fileRef = 52344A6E2D11C1AE000B9A18 /* AssetsInfo.swift */; };
		52344A732D11C6A7000B9A18 /* Localizable.strings in Resources */ = {isa = PBXBuildFile; fileRef = 52344A762D11C6A7000B9A18 /* Localizable.strings */; };
		52344A742D11C6A7000B9A18 /* Localizable.strings in Resources */ = {isa = PBXBuildFile; fileRef = 52344A762D11C6A7000B9A18 /* Localizable.strings */; };
		5273C2E62D0A27510001AE99 /* ISSMapViewModel.swift in Sources */ = {isa = PBXBuildFile; fileRef = 5273C2E52D0A27510001AE99 /* ISSMapViewModel.swift */; };
		5273C2E82D0A3D090001AE99 /* ISSLocationResponse.swift in Sources */ = {isa = PBXBuildFile; fileRef = 5273C2E72D0A3D090001AE99 /* ISSLocationResponse.swift */; };
		5273C2EA2D0A3D3E0001AE99 /* Position.swift in Sources */ = {isa = PBXBuildFile; fileRef = 5273C2E92D0A3D3E0001AE99 /* Position.swift */; };
/* End PBXBuildFile section */

/* Begin PBXContainerItemProxy section */
		522567822D09C5A500DCFE69 /* PBXContainerItemProxy */ = {
			isa = PBXContainerItemProxy;
			containerPortal = 522567642D09C5A300DCFE69 /* Project object */;
			proxyType = 1;
			remoteGlobalIDString = 5225676B2D09C5A300DCFE69;
			remoteInfo = ISSWatch;
		};
		5225678C2D09C5A500DCFE69 /* PBXContainerItemProxy */ = {
			isa = PBXContainerItemProxy;
			containerPortal = 522567642D09C5A300DCFE69 /* Project object */;
			proxyType = 1;
			remoteGlobalIDString = 5225676B2D09C5A300DCFE69;
			remoteInfo = ISSWatch;
		};
/* End PBXContainerItemProxy section */

/* Begin PBXFileReference section */
		5225676C2D09C5A300DCFE69 /* ISSWatch.app */ = {isa = PBXFileReference; explicitFileType = wrapper.application; includeInIndex = 0; path = ISSWatch.app; sourceTree = BUILT_PRODUCTS_DIR; };
		5225676F2D09C5A300DCFE69 /* ISSWatchApp.swift */ = {isa = PBXFileReference; lastKnownFileType = sourcecode.swift; path = ISSWatchApp.swift; sourceTree = "<group>"; };
		522567712D09C5A300DCFE69 /* ContentView.swift */ = {isa = PBXFileReference; lastKnownFileType = sourcecode.swift; path = ContentView.swift; sourceTree = "<group>"; };
		522567732D09C5A500DCFE69 /* Assets.xcassets */ = {isa = PBXFileReference; lastKnownFileType = folder.assetcatalog; path = Assets.xcassets; sourceTree = "<group>"; };
		522567762D09C5A500DCFE69 /* Preview Assets.xcassets */ = {isa = PBXFileReference; lastKnownFileType = folder.assetcatalog; path = "Preview Assets.xcassets"; sourceTree = "<group>"; };
		522567782D09C5A500DCFE69 /* Persistence.swift */ = {isa = PBXFileReference; lastKnownFileType = sourcecode.swift; path = Persistence.swift; sourceTree = "<group>"; };
		5225677B2D09C5A500DCFE69 /* ISSWatch.xcdatamodel */ = {isa = PBXFileReference; lastKnownFileType = wrapper.xcdatamodel; path = ISSWatch.xcdatamodel; sourceTree = "<group>"; };
		522567812D09C5A500DCFE69 /* ISSWatchTests.xctest */ = {isa = PBXFileReference; explicitFileType = wrapper.cfbundle; includeInIndex = 0; path = ISSWatchTests.xctest; sourceTree = BUILT_PRODUCTS_DIR; };
		5225678B2D09C5A500DCFE69 /* ISSWatchUITests.xctest */ = {isa = PBXFileReference; explicitFileType = wrapper.cfbundle; includeInIndex = 0; path = ISSWatchUITests.xctest; sourceTree = BUILT_PRODUCTS_DIR; };
		5225678F2D09C5A500DCFE69 /* ISSWatchUITests.swift */ = {isa = PBXFileReference; lastKnownFileType = sourcecode.swift; path = ISSWatchUITests.swift; sourceTree = "<group>"; };
		522567912D09C5A500DCFE69 /* ISSWatchUITestsLaunchTests.swift */ = {isa = PBXFileReference; lastKnownFileType = sourcecode.swift; path = ISSWatchUITestsLaunchTests.swift; sourceTree = "<group>"; };
		5225679F2D09C69500DCFE69 /* ISSMapView.swift */ = {isa = PBXFileReference; lastKnownFileType = sourcecode.swift; path = ISSMapView.swift; sourceTree = "<group>"; };
		52344A5E2D10B5DE000B9A18 /* Info.plist */ = {isa = PBXFileReference; lastKnownFileType = text.plist; path = Info.plist; sourceTree = "<group>"; };
		52344A5F2D118D5C000B9A18 /* PositionProvider.swift */ = {isa = PBXFileReference; lastKnownFileType = sourcecode.swift; path = PositionProvider.swift; sourceTree = "<group>"; };
		52344A612D119003000B9A18 /* MockPositionProvider.swift */ = {isa = PBXFileReference; lastKnownFileType = sourcecode.swift; path = MockPositionProvider.swift; sourceTree = "<group>"; };
		52344A642D119056000B9A18 /* ISSPositionProvider.swift */ = {isa = PBXFileReference; lastKnownFileType = sourcecode.swift; path = ISSPositionProvider.swift; sourceTree = "<group>"; };
		52344A682D1191BF000B9A18 /* ISSMapViewModelTests.swift */ = {isa = PBXFileReference; lastKnownFileType = sourcecode.swift; path = ISSMapViewModelTests.swift; sourceTree = "<group>"; };
		52344A6A2D11C0E9000B9A18 /* ISSAnnotation.swift */ = {isa = PBXFileReference; lastKnownFileType = sourcecode.swift; path = ISSAnnotation.swift; sourceTree = "<group>"; };
		52344A6C2D11C11B000B9A18 /* ISSAnnotationView.swift */ = {isa = PBXFileReference; lastKnownFileType = sourcecode.swift; path = ISSAnnotationView.swift; sourceTree = "<group>"; };
		52344A6E2D11C1AE000B9A18 /* AssetsInfo.swift */ = {isa = PBXFileReference; lastKnownFileType = sourcecode.swift; path = AssetsInfo.swift; sourceTree = "<group>"; };
		52344A752D11C6A7000B9A18 /* en */ = {isa = PBXFileReference; lastKnownFileType = text.plist.strings; name = en; path = en.lproj/Localizable.strings; sourceTree = "<group>"; };
		52344A772D11C773000B9A18 /* pl */ = {isa = PBXFileReference; lastKnownFileType = text.plist.strings; name = pl; path = pl.lproj/Localizable.strings; sourceTree = "<group>"; };
		52344A782D11C77D000B9A18 /* es */ = {isa = PBXFileReference; lastKnownFileType = text.plist.strings; name = es; path = es.lproj/Localizable.strings; sourceTree = "<group>"; };
		52344A792D11C786000B9A18 /* fr */ = {isa = PBXFileReference; lastKnownFileType = text.plist.strings; name = fr; path = fr.lproj/Localizable.strings; sourceTree = "<group>"; };
		5273C2E52D0A27510001AE99 /* ISSMapViewModel.swift */ = {isa = PBXFileReference; lastKnownFileType = sourcecode.swift; path = ISSMapViewModel.swift; sourceTree = "<group>"; };
		5273C2E72D0A3D090001AE99 /* ISSLocationResponse.swift */ = {isa = PBXFileReference; lastKnownFileType = sourcecode.swift; path = ISSLocationResponse.swift; sourceTree = "<group>"; };
		5273C2E92D0A3D3E0001AE99 /* Position.swift */ = {isa = PBXFileReference; lastKnownFileType = sourcecode.swift; path = Position.swift; sourceTree = "<group>"; };
/* End PBXFileReference section */

/* Begin PBXFrameworksBuildPhase section */
		522567692D09C5A300DCFE69 /* Frameworks */ = {
			isa = PBXFrameworksBuildPhase;
			buildActionMask = 2147483647;
			files = (
			);
			runOnlyForDeploymentPostprocessing = 0;
		};
		5225677E2D09C5A500DCFE69 /* Frameworks */ = {
			isa = PBXFrameworksBuildPhase;
			buildActionMask = 2147483647;
			files = (
			);
			runOnlyForDeploymentPostprocessing = 0;
		};
		522567882D09C5A500DCFE69 /* Frameworks */ = {
			isa = PBXFrameworksBuildPhase;
			buildActionMask = 2147483647;
			files = (
			);
			runOnlyForDeploymentPostprocessing = 0;
		};
/* End PBXFrameworksBuildPhase section */

/* Begin PBXGroup section */
		522567632D09C5A300DCFE69 = {
			isa = PBXGroup;
			children = (
				5225676E2D09C5A300DCFE69 /* ISSWatch */,
				522567842D09C5A500DCFE69 /* ISSWatchTests */,
				5225678E2D09C5A500DCFE69 /* ISSWatchUITests */,
				5225676D2D09C5A300DCFE69 /* Products */,
			);
			sourceTree = "<group>";
		};
		5225676D2D09C5A300DCFE69 /* Products */ = {
			isa = PBXGroup;
			children = (
				5225676C2D09C5A300DCFE69 /* ISSWatch.app */,
				522567812D09C5A500DCFE69 /* ISSWatchTests.xctest */,
				5225678B2D09C5A500DCFE69 /* ISSWatchUITests.xctest */,
			);
			name = Products;
			sourceTree = "<group>";
		};
		5225676E2D09C5A300DCFE69 /* ISSWatch */ = {
			isa = PBXGroup;
			children = (
				52344A5E2D10B5DE000B9A18 /* Info.plist */,
				52640AC52D0DC9D9008924A0 /* ISSPositionProvider */,
				5225679E2D09C65E00DCFE69 /* Map */,
				5225676F2D09C5A300DCFE69 /* ISSWatchApp.swift */,
				522567712D09C5A300DCFE69 /* ContentView.swift */,
				522567732D09C5A500DCFE69 /* Assets.xcassets */,
				52344A6E2D11C1AE000B9A18 /* AssetsInfo.swift */,
				52344A762D11C6A7000B9A18 /* Localizable.strings */,
				522567782D09C5A500DCFE69 /* Persistence.swift */,
				5225677A2D09C5A500DCFE69 /* ISSWatch.xcdatamodeld */,
				522567752D09C5A500DCFE69 /* Preview Content */,
			);
			path = ISSWatch;
			sourceTree = "<group>";
		};
		522567752D09C5A500DCFE69 /* Preview Content */ = {
			isa = PBXGroup;
			children = (
				522567762D09C5A500DCFE69 /* Preview Assets.xcassets */,
			);
			path = "Preview Content";
			sourceTree = "<group>";
		};
		522567842D09C5A500DCFE69 /* ISSWatchTests */ = {
			isa = PBXGroup;
			children = (
				52344A612D119003000B9A18 /* MockPositionProvider.swift */,
				52344A682D1191BF000B9A18 /* ISSMapViewModelTests.swift */,
			);
			path = ISSWatchTests;
			sourceTree = "<group>";
		};
		5225678E2D09C5A500DCFE69 /* ISSWatchUITests */ = {
			isa = PBXGroup;
			children = (
				5225678F2D09C5A500DCFE69 /* ISSWatchUITests.swift */,
				522567912D09C5A500DCFE69 /* ISSWatchUITestsLaunchTests.swift */,
			);
			path = ISSWatchUITests;
			sourceTree = "<group>";
		};
		5225679E2D09C65E00DCFE69 /* Map */ = {
			isa = PBXGroup;
			children = (
				5225679F2D09C69500DCFE69 /* ISSMapView.swift */,
				5273C2E52D0A27510001AE99 /* ISSMapViewModel.swift */,
				52344A6A2D11C0E9000B9A18 /* ISSAnnotation.swift */,
				52344A6C2D11C11B000B9A18 /* ISSAnnotationView.swift */,
			);
			path = Map;
			sourceTree = "<group>";
		};
		52640AC52D0DC9D9008924A0 /* ISSPositionProvider */ = {
			isa = PBXGroup;
			children = (
				5273C2E72D0A3D090001AE99 /* ISSLocationResponse.swift */,
				5273C2E92D0A3D3E0001AE99 /* Position.swift */,
				52344A5F2D118D5C000B9A18 /* PositionProvider.swift */,
				52344A642D119056000B9A18 /* ISSPositionProvider.swift */,
			);
			path = ISSPositionProvider;
			sourceTree = "<group>";
		};
/* End PBXGroup section */

/* Begin PBXNativeTarget section */
		5225676B2D09C5A300DCFE69 /* ISSWatch */ = {
			isa = PBXNativeTarget;
			buildConfigurationList = 522567952D09C5A500DCFE69 /* Build configuration list for PBXNativeTarget "ISSWatch" */;
			buildPhases = (
				522567682D09C5A300DCFE69 /* Sources */,
				522567692D09C5A300DCFE69 /* Frameworks */,
				5225676A2D09C5A300DCFE69 /* Resources */,
			);
			buildRules = (
			);
			dependencies = (
			);
			name = ISSWatch;
			productName = ISSWatch;
			productReference = 5225676C2D09C5A300DCFE69 /* ISSWatch.app */;
			productType = "com.apple.product-type.application";
		};
		522567802D09C5A500DCFE69 /* ISSWatchTests */ = {
			isa = PBXNativeTarget;
			buildConfigurationList = 522567982D09C5A500DCFE69 /* Build configuration list for PBXNativeTarget "ISSWatchTests" */;
			buildPhases = (
				5225677D2D09C5A500DCFE69 /* Sources */,
				5225677E2D09C5A500DCFE69 /* Frameworks */,
				5225677F2D09C5A500DCFE69 /* Resources */,
			);
			buildRules = (
			);
			dependencies = (
				522567832D09C5A500DCFE69 /* PBXTargetDependency */,
			);
			name = ISSWatchTests;
			productName = ISSWatchTests;
			productReference = 522567812D09C5A500DCFE69 /* ISSWatchTests.xctest */;
			productType = "com.apple.product-type.bundle.unit-test";
		};
		5225678A2D09C5A500DCFE69 /* ISSWatchUITests */ = {
			isa = PBXNativeTarget;
			buildConfigurationList = 5225679B2D09C5A500DCFE69 /* Build configuration list for PBXNativeTarget "ISSWatchUITests" */;
			buildPhases = (
				522567872D09C5A500DCFE69 /* Sources */,
				522567882D09C5A500DCFE69 /* Frameworks */,
				522567892D09C5A500DCFE69 /* Resources */,
			);
			buildRules = (
			);
			dependencies = (
				5225678D2D09C5A500DCFE69 /* PBXTargetDependency */,
			);
			name = ISSWatchUITests;
			productName = ISSWatchUITests;
			productReference = 5225678B2D09C5A500DCFE69 /* ISSWatchUITests.xctest */;
			productType = "com.apple.product-type.bundle.ui-testing";
		};
/* End PBXNativeTarget section */

/* Begin PBXProject section */
		522567642D09C5A300DCFE69 /* Project object */ = {
			isa = PBXProject;
			attributes = {
				BuildIndependentTargetsInParallel = 1;
				LastSwiftUpdateCheck = 1420;
				LastUpgradeCheck = 1420;
				TargetAttributes = {
					5225676B2D09C5A300DCFE69 = {
						CreatedOnToolsVersion = 14.2;
					};
					522567802D09C5A500DCFE69 = {
						CreatedOnToolsVersion = 14.2;
						TestTargetID = 5225676B2D09C5A300DCFE69;
					};
					5225678A2D09C5A500DCFE69 = {
						CreatedOnToolsVersion = 14.2;
						TestTargetID = 5225676B2D09C5A300DCFE69;
					};
				};
			};
			buildConfigurationList = 522567672D09C5A300DCFE69 /* Build configuration list for PBXProject "ISSWatch" */;
			compatibilityVersion = "Xcode 14.0";
			developmentRegion = en;
			hasScannedForEncodings = 0;
			knownRegions = (
				en,
				Base,
				pl,
				es,
				fr,
			);
			mainGroup = 522567632D09C5A300DCFE69;
			productRefGroup = 5225676D2D09C5A300DCFE69 /* Products */;
			projectDirPath = "";
			projectRoot = "";
			targets = (
				5225676B2D09C5A300DCFE69 /* ISSWatch */,
				522567802D09C5A500DCFE69 /* ISSWatchTests */,
				5225678A2D09C5A500DCFE69 /* ISSWatchUITests */,
			);
		};
/* End PBXProject section */

/* Begin PBXResourcesBuildPhase section */
		5225676A2D09C5A300DCFE69 /* Resources */ = {
			isa = PBXResourcesBuildPhase;
			buildActionMask = 2147483647;
			files = (
				522567772D09C5A500DCFE69 /* Preview Assets.xcassets in Resources */,
				52344A732D11C6A7000B9A18 /* Localizable.strings in Resources */,
				522567742D09C5A500DCFE69 /* Assets.xcassets in Resources */,
			);
			runOnlyForDeploymentPostprocessing = 0;
		};
		5225677F2D09C5A500DCFE69 /* Resources */ = {
			isa = PBXResourcesBuildPhase;
			buildActionMask = 2147483647;
			files = (
				52344A742D11C6A7000B9A18 /* Localizable.strings in Resources */,
			);
			runOnlyForDeploymentPostprocessing = 0;
		};
		522567892D09C5A500DCFE69 /* Resources */ = {
			isa = PBXResourcesBuildPhase;
			buildActionMask = 2147483647;
			files = (
			);
			runOnlyForDeploymentPostprocessing = 0;
		};
/* End PBXResourcesBuildPhase section */

/* Begin PBXSourcesBuildPhase section */
		522567682D09C5A300DCFE69 /* Sources */ = {
			isa = PBXSourcesBuildPhase;
			buildActionMask = 2147483647;
			files = (
				5273C2EA2D0A3D3E0001AE99 /* Position.swift in Sources */,
				52344A6F2D11C1AE000B9A18 /* AssetsInfo.swift in Sources */,
				522567792D09C5A500DCFE69 /* Persistence.swift in Sources */,
				5273C2E62D0A27510001AE99 /* ISSMapViewModel.swift in Sources */,
				522567A02D09C69500DCFE69 /* ISSMapView.swift in Sources */,
				522567722D09C5A300DCFE69 /* ContentView.swift in Sources */,
				52344A652D119056000B9A18 /* ISSPositionProvider.swift in Sources */,
				52344A6B2D11C0E9000B9A18 /* ISSAnnotation.swift in Sources */,
				52344A6D2D11C11B000B9A18 /* ISSAnnotationView.swift in Sources */,
				52344A602D118D5C000B9A18 /* PositionProvider.swift in Sources */,
				522567702D09C5A300DCFE69 /* ISSWatchApp.swift in Sources */,
				5225677C2D09C5A500DCFE69 /* ISSWatch.xcdatamodeld in Sources */,
				5273C2E82D0A3D090001AE99 /* ISSLocationResponse.swift in Sources */,
			);
			runOnlyForDeploymentPostprocessing = 0;
		};
		5225677D2D09C5A500DCFE69 /* Sources */ = {
			isa = PBXSourcesBuildPhase;
			buildActionMask = 2147483647;
			files = (
				52344A692D1191BF000B9A18 /* ISSMapViewModelTests.swift in Sources */,
				52344A622D119003000B9A18 /* MockPositionProvider.swift in Sources */,
				52344A662D1190AC000B9A18 /* Position.swift in Sources */,
				52344A632D119031000B9A18 /* PositionProvider.swift in Sources */,
				52344A672D119185000B9A18 /* ISSMapViewModel.swift in Sources */,
			);
			runOnlyForDeploymentPostprocessing = 0;
		};
		522567872D09C5A500DCFE69 /* Sources */ = {
			isa = PBXSourcesBuildPhase;
			buildActionMask = 2147483647;
			files = (
				522567922D09C5A500DCFE69 /* ISSWatchUITestsLaunchTests.swift in Sources */,
				522567902D09C5A500DCFE69 /* ISSWatchUITests.swift in Sources */,
			);
			runOnlyForDeploymentPostprocessing = 0;
		};
/* End PBXSourcesBuildPhase section */

/* Begin PBXTargetDependency section */
		522567832D09C5A500DCFE69 /* PBXTargetDependency */ = {
			isa = PBXTargetDependency;
			target = 5225676B2D09C5A300DCFE69 /* ISSWatch */;
			targetProxy = 522567822D09C5A500DCFE69 /* PBXContainerItemProxy */;
		};
		5225678D2D09C5A500DCFE69 /* PBXTargetDependency */ = {
			isa = PBXTargetDependency;
			target = 5225676B2D09C5A300DCFE69 /* ISSWatch */;
			targetProxy = 5225678C2D09C5A500DCFE69 /* PBXContainerItemProxy */;
		};
/* End PBXTargetDependency section */

/* Begin PBXVariantGroup section */
		52344A762D11C6A7000B9A18 /* Localizable.strings */ = {
			isa = PBXVariantGroup;
			children = (
				52344A752D11C6A7000B9A18 /* en */,
				52344A772D11C773000B9A18 /* pl */,
				52344A782D11C77D000B9A18 /* es */,
				52344A792D11C786000B9A18 /* fr */,
			);
			name = Localizable.strings;
			sourceTree = "<group>";
		};
/* End PBXVariantGroup section */

/* Begin XCBuildConfiguration section */
		522567932D09C5A500DCFE69 /* Debug */ = {
			isa = XCBuildConfiguration;
			buildSettings = {
				ALWAYS_SEARCH_USER_PATHS = NO;
				CLANG_ANALYZER_LOCALIZABILITY_NONLOCALIZED = YES;
				CLANG_ANALYZER_NONNULL = YES;
				CLANG_ANALYZER_NUMBER_OBJECT_CONVERSION = YES_AGGRESSIVE;
				CLANG_CXX_LANGUAGE_STANDARD = "gnu++20";
				CLANG_ENABLE_MODULES = YES;
				CLANG_ENABLE_OBJC_ARC = YES;
				CLANG_ENABLE_OBJC_WEAK = YES;
				CLANG_WARN_BLOCK_CAPTURE_AUTORELEASING = YES;
				CLANG_WARN_BOOL_CONVERSION = YES;
				CLANG_WARN_COMMA = YES;
				CLANG_WARN_CONSTANT_CONVERSION = YES;
				CLANG_WARN_DEPRECATED_OBJC_IMPLEMENTATIONS = YES;
				CLANG_WARN_DIRECT_OBJC_ISA_USAGE = YES_ERROR;
				CLANG_WARN_DOCUMENTATION_COMMENTS = YES;
				CLANG_WARN_EMPTY_BODY = YES;
				CLANG_WARN_ENUM_CONVERSION = YES;
				CLANG_WARN_INFINITE_RECURSION = YES;
				CLANG_WARN_INT_CONVERSION = YES;
				CLANG_WARN_NON_LITERAL_NULL_CONVERSION = YES;
				CLANG_WARN_OBJC_IMPLICIT_RETAIN_SELF = YES;
				CLANG_WARN_OBJC_LITERAL_CONVERSION = YES;
				CLANG_WARN_OBJC_ROOT_CLASS = YES_ERROR;
				CLANG_WARN_QUOTED_INCLUDE_IN_FRAMEWORK_HEADER = YES;
				CLANG_WARN_RANGE_LOOP_ANALYSIS = YES;
				CLANG_WARN_STRICT_PROTOTYPES = YES;
				CLANG_WARN_SUSPICIOUS_MOVE = YES;
				CLANG_WARN_UNGUARDED_AVAILABILITY = YES_AGGRESSIVE;
				CLANG_WARN_UNREACHABLE_CODE = YES;
				CLANG_WARN__DUPLICATE_METHOD_MATCH = YES;
				COPY_PHASE_STRIP = NO;
				DEBUG_INFORMATION_FORMAT = dwarf;
				ENABLE_STRICT_OBJC_MSGSEND = YES;
				ENABLE_TESTABILITY = YES;
				GCC_C_LANGUAGE_STANDARD = gnu11;
				GCC_DYNAMIC_NO_PIC = NO;
				GCC_NO_COMMON_BLOCKS = YES;
				GCC_OPTIMIZATION_LEVEL = 0;
				GCC_PREPROCESSOR_DEFINITIONS = (
					"DEBUG=1",
					"$(inherited)",
				);
				GCC_WARN_64_TO_32_BIT_CONVERSION = YES;
				GCC_WARN_ABOUT_RETURN_TYPE = YES_ERROR;
				GCC_WARN_UNDECLARED_SELECTOR = YES;
				GCC_WARN_UNINITIALIZED_AUTOS = YES_AGGRESSIVE;
				GCC_WARN_UNUSED_FUNCTION = YES;
				GCC_WARN_UNUSED_VARIABLE = YES;
				IPHONEOS_DEPLOYMENT_TARGET = 16.2;
				MTL_ENABLE_DEBUG_INFO = INCLUDE_SOURCE;
				MTL_FAST_MATH = YES;
				ONLY_ACTIVE_ARCH = YES;
				SDKROOT = iphoneos;
				SWIFT_ACTIVE_COMPILATION_CONDITIONS = DEBUG;
				SWIFT_OPTIMIZATION_LEVEL = "-Onone";
			};
			name = Debug;
		};
		522567942D09C5A500DCFE69 /* Release */ = {
			isa = XCBuildConfiguration;
			buildSettings = {
				ALWAYS_SEARCH_USER_PATHS = NO;
				CLANG_ANALYZER_LOCALIZABILITY_NONLOCALIZED = YES;
				CLANG_ANALYZER_NONNULL = YES;
				CLANG_ANALYZER_NUMBER_OBJECT_CONVERSION = YES_AGGRESSIVE;
				CLANG_CXX_LANGUAGE_STANDARD = "gnu++20";
				CLANG_ENABLE_MODULES = YES;
				CLANG_ENABLE_OBJC_ARC = YES;
				CLANG_ENABLE_OBJC_WEAK = YES;
				CLANG_WARN_BLOCK_CAPTURE_AUTORELEASING = YES;
				CLANG_WARN_BOOL_CONVERSION = YES;
				CLANG_WARN_COMMA = YES;
				CLANG_WARN_CONSTANT_CONVERSION = YES;
				CLANG_WARN_DEPRECATED_OBJC_IMPLEMENTATIONS = YES;
				CLANG_WARN_DIRECT_OBJC_ISA_USAGE = YES_ERROR;
				CLANG_WARN_DOCUMENTATION_COMMENTS = YES;
				CLANG_WARN_EMPTY_BODY = YES;
				CLANG_WARN_ENUM_CONVERSION = YES;
				CLANG_WARN_INFINITE_RECURSION = YES;
				CLANG_WARN_INT_CONVERSION = YES;
				CLANG_WARN_NON_LITERAL_NULL_CONVERSION = YES;
				CLANG_WARN_OBJC_IMPLICIT_RETAIN_SELF = YES;
				CLANG_WARN_OBJC_LITERAL_CONVERSION = YES;
				CLANG_WARN_OBJC_ROOT_CLASS = YES_ERROR;
				CLANG_WARN_QUOTED_INCLUDE_IN_FRAMEWORK_HEADER = YES;
				CLANG_WARN_RANGE_LOOP_ANALYSIS = YES;
				CLANG_WARN_STRICT_PROTOTYPES = YES;
				CLANG_WARN_SUSPICIOUS_MOVE = YES;
				CLANG_WARN_UNGUARDED_AVAILABILITY = YES_AGGRESSIVE;
				CLANG_WARN_UNREACHABLE_CODE = YES;
				CLANG_WARN__DUPLICATE_METHOD_MATCH = YES;
				COPY_PHASE_STRIP = NO;
				DEBUG_INFORMATION_FORMAT = "dwarf-with-dsym";
				ENABLE_NS_ASSERTIONS = NO;
				ENABLE_STRICT_OBJC_MSGSEND = YES;
				GCC_C_LANGUAGE_STANDARD = gnu11;
				GCC_NO_COMMON_BLOCKS = YES;
				GCC_WARN_64_TO_32_BIT_CONVERSION = YES;
				GCC_WARN_ABOUT_RETURN_TYPE = YES_ERROR;
				GCC_WARN_UNDECLARED_SELECTOR = YES;
				GCC_WARN_UNINITIALIZED_AUTOS = YES_AGGRESSIVE;
				GCC_WARN_UNUSED_FUNCTION = YES;
				GCC_WARN_UNUSED_VARIABLE = YES;
				IPHONEOS_DEPLOYMENT_TARGET = 16.2;
				MTL_ENABLE_DEBUG_INFO = NO;
				MTL_FAST_MATH = YES;
				SDKROOT = iphoneos;
				SWIFT_COMPILATION_MODE = wholemodule;
				SWIFT_OPTIMIZATION_LEVEL = "-O";
				VALIDATE_PRODUCT = YES;
			};
			name = Release;
		};
		522567962D09C5A500DCFE69 /* Debug */ = {
			isa = XCBuildConfiguration;
			buildSettings = {
				ASSETCATALOG_COMPILER_APPICON_NAME = AppIcon;
				ASSETCATALOG_COMPILER_GLOBAL_ACCENT_COLOR_NAME = AccentColor;
				CODE_SIGN_STYLE = Automatic;
				CURRENT_PROJECT_VERSION = 1;
				DEVELOPMENT_ASSET_PATHS = "\"ISSWatch/Preview Content\"";
				DEVELOPMENT_TEAM = 9AM93CVRBC;
				ENABLE_PREVIEWS = YES;
				GENERATE_INFOPLIST_FILE = YES;
				INFOPLIST_FILE = ISSWatch/Info.plist;
				INFOPLIST_KEY_UIApplicationSceneManifest_Generation = YES;
				INFOPLIST_KEY_UIApplicationSupportsIndirectInputEvents = YES;
				INFOPLIST_KEY_UILaunchScreen_Generation = YES;
				INFOPLIST_KEY_UISupportedInterfaceOrientations_iPad = "UIInterfaceOrientationPortrait UIInterfaceOrientationPortraitUpsideDown UIInterfaceOrientationLandscapeLeft UIInterfaceOrientationLandscapeRight";
				INFOPLIST_KEY_UISupportedInterfaceOrientations_iPhone = "UIInterfaceOrientationPortrait UIInterfaceOrientationLandscapeLeft UIInterfaceOrientationLandscapeRight";
				LD_RUNPATH_SEARCH_PATHS = (
					"$(inherited)",
					"@executable_path/Frameworks",
				);
				MARKETING_VERSION = 1.0;
				PRODUCT_BUNDLE_IDENTIFIER = com.janpawelw.ISSWatch;
				PRODUCT_NAME = "$(TARGET_NAME)";
				SWIFT_EMIT_LOC_STRINGS = YES;
				SWIFT_VERSION = 5.0;
				TARGETED_DEVICE_FAMILY = "1,2";
			};
			name = Debug;
		};
		522567972D09C5A500DCFE69 /* Release */ = {
			isa = XCBuildConfiguration;
			buildSettings = {
				ASSETCATALOG_COMPILER_APPICON_NAME = AppIcon;
				ASSETCATALOG_COMPILER_GLOBAL_ACCENT_COLOR_NAME = AccentColor;
				CODE_SIGN_STYLE = Automatic;
				CURRENT_PROJECT_VERSION = 1;
				DEVELOPMENT_ASSET_PATHS = "\"ISSWatch/Preview Content\"";
				DEVELOPMENT_TEAM = 9AM93CVRBC;
				ENABLE_PREVIEWS = YES;
				GENERATE_INFOPLIST_FILE = YES;
				INFOPLIST_FILE = ISSWatch/Info.plist;
				INFOPLIST_KEY_UIApplicationSceneManifest_Generation = YES;
				INFOPLIST_KEY_UIApplicationSupportsIndirectInputEvents = YES;
				INFOPLIST_KEY_UILaunchScreen_Generation = YES;
				INFOPLIST_KEY_UISupportedInterfaceOrientations_iPad = "UIInterfaceOrientationPortrait UIInterfaceOrientationPortraitUpsideDown UIInterfaceOrientationLandscapeLeft UIInterfaceOrientationLandscapeRight";
				INFOPLIST_KEY_UISupportedInterfaceOrientations_iPhone = "UIInterfaceOrientationPortrait UIInterfaceOrientationLandscapeLeft UIInterfaceOrientationLandscapeRight";
				LD_RUNPATH_SEARCH_PATHS = (
					"$(inherited)",
					"@executable_path/Frameworks",
				);
				MARKETING_VERSION = 1.0;
				PRODUCT_BUNDLE_IDENTIFIER = com.janpawelw.ISSWatch;
				PRODUCT_NAME = "$(TARGET_NAME)";
				SWIFT_EMIT_LOC_STRINGS = YES;
				SWIFT_VERSION = 5.0;
				TARGETED_DEVICE_FAMILY = "1,2";
			};
			name = Release;
		};
		522567992D09C5A500DCFE69 /* Debug */ = {
			isa = XCBuildConfiguration;
			buildSettings = {
				ALWAYS_EMBED_SWIFT_STANDARD_LIBRARIES = YES;
				BUNDLE_LOADER = "$(TEST_HOST)";
				CODE_SIGN_STYLE = Automatic;
				CURRENT_PROJECT_VERSION = 1;
				DEVELOPMENT_TEAM = 9AM93CVRBC;
				GENERATE_INFOPLIST_FILE = YES;
				IPHONEOS_DEPLOYMENT_TARGET = 16.2;
				MARKETING_VERSION = 1.0;
				PRODUCT_BUNDLE_IDENTIFIER = com.janpawelw.ISSWatchTests;
				PRODUCT_NAME = "$(TARGET_NAME)";
				SWIFT_EMIT_LOC_STRINGS = NO;
				SWIFT_VERSION = 5.0;
				TARGETED_DEVICE_FAMILY = "1,2";
				TEST_HOST = "$(BUILT_PRODUCTS_DIR)/ISSWatch.app/$(BUNDLE_EXECUTABLE_FOLDER_PATH)/ISSWatch";
			};
			name = Debug;
		};
		5225679A2D09C5A500DCFE69 /* Release */ = {
			isa = XCBuildConfiguration;
			buildSettings = {
				ALWAYS_EMBED_SWIFT_STANDARD_LIBRARIES = YES;
				BUNDLE_LOADER = "$(TEST_HOST)";
				CODE_SIGN_STYLE = Automatic;
				CURRENT_PROJECT_VERSION = 1;
				DEVELOPMENT_TEAM = 9AM93CVRBC;
				GENERATE_INFOPLIST_FILE = YES;
				IPHONEOS_DEPLOYMENT_TARGET = 16.2;
				MARKETING_VERSION = 1.0;
				PRODUCT_BUNDLE_IDENTIFIER = com.janpawelw.ISSWatchTests;
				PRODUCT_NAME = "$(TARGET_NAME)";
				SWIFT_EMIT_LOC_STRINGS = NO;
				SWIFT_VERSION = 5.0;
				TARGETED_DEVICE_FAMILY = "1,2";
				TEST_HOST = "$(BUILT_PRODUCTS_DIR)/ISSWatch.app/$(BUNDLE_EXECUTABLE_FOLDER_PATH)/ISSWatch";
			};
			name = Release;
		};
		5225679C2D09C5A500DCFE69 /* Debug */ = {
			isa = XCBuildConfiguration;
			buildSettings = {
				ALWAYS_EMBED_SWIFT_STANDARD_LIBRARIES = YES;
				CODE_SIGN_STYLE = Automatic;
				CURRENT_PROJECT_VERSION = 1;
				DEVELOPMENT_TEAM = 9AM93CVRBC;
				GENERATE_INFOPLIST_FILE = YES;
				MARKETING_VERSION = 1.0;
				PRODUCT_BUNDLE_IDENTIFIER = com.janpawelw.ISSWatchUITests;
				PRODUCT_NAME = "$(TARGET_NAME)";
				SWIFT_EMIT_LOC_STRINGS = NO;
				SWIFT_VERSION = 5.0;
				TARGETED_DEVICE_FAMILY = "1,2";
				TEST_TARGET_NAME = ISSWatch;
			};
			name = Debug;
		};
		5225679D2D09C5A500DCFE69 /* Release */ = {
			isa = XCBuildConfiguration;
			buildSettings = {
				ALWAYS_EMBED_SWIFT_STANDARD_LIBRARIES = YES;
				CODE_SIGN_STYLE = Automatic;
				CURRENT_PROJECT_VERSION = 1;
				DEVELOPMENT_TEAM = 9AM93CVRBC;
				GENERATE_INFOPLIST_FILE = YES;
				MARKETING_VERSION = 1.0;
				PRODUCT_BUNDLE_IDENTIFIER = com.janpawelw.ISSWatchUITests;
				PRODUCT_NAME = "$(TARGET_NAME)";
				SWIFT_EMIT_LOC_STRINGS = NO;
				SWIFT_VERSION = 5.0;
				TARGETED_DEVICE_FAMILY = "1,2";
				TEST_TARGET_NAME = ISSWatch;
			};
			name = Release;
		};
/* End XCBuildConfiguration section */

/* Begin XCConfigurationList section */
		522567672D09C5A300DCFE69 /* Build configuration list for PBXProject "ISSWatch" */ = {
			isa = XCConfigurationList;
			buildConfigurations = (
				522567932D09C5A500DCFE69 /* Debug */,
				522567942D09C5A500DCFE69 /* Release */,
			);
			defaultConfigurationIsVisible = 0;
			defaultConfigurationName = Release;
		};
		522567952D09C5A500DCFE69 /* Build configuration list for PBXNativeTarget "ISSWatch" */ = {
			isa = XCConfigurationList;
			buildConfigurations = (
				522567962D09C5A500DCFE69 /* Debug */,
				522567972D09C5A500DCFE69 /* Release */,
			);
			defaultConfigurationIsVisible = 0;
			defaultConfigurationName = Release;
		};
		522567982D09C5A500DCFE69 /* Build configuration list for PBXNativeTarget "ISSWatchTests" */ = {
			isa = XCConfigurationList;
			buildConfigurations = (
				522567992D09C5A500DCFE69 /* Debug */,
				5225679A2D09C5A500DCFE69 /* Release */,
			);
			defaultConfigurationIsVisible = 0;
			defaultConfigurationName = Release;
		};
		5225679B2D09C5A500DCFE69 /* Build configuration list for PBXNativeTarget "ISSWatchUITests" */ = {
			isa = XCConfigurationList;
			buildConfigurations = (
				5225679C2D09C5A500DCFE69 /* Debug */,
				5225679D2D09C5A500DCFE69 /* Release */,
			);
			defaultConfigurationIsVisible = 0;
			defaultConfigurationName = Release;
		};
/* End XCConfigurationList section */

/* Begin XCVersionGroup section */
		5225677A2D09C5A500DCFE69 /* ISSWatch.xcdatamodeld */ = {
			isa = XCVersionGroup;
			children = (
				5225677B2D09C5A500DCFE69 /* ISSWatch.xcdatamodel */,
			);
			currentVersion = 5225677B2D09C5A500DCFE69 /* ISSWatch.xcdatamodel */;
			path = ISSWatch.xcdatamodeld;
			sourceTree = "<group>";
			versionGroupType = wrapper.xcdatamodel;
		};
/* End XCVersionGroup section */
	};
	rootObject = 522567642D09C5A300DCFE69 /* Project object */;
}
